Microsoft Visual Studio Solution File, Format Version 12.00
# Visual Studio 15
VisualStudioVersion = 15.0.28307.705
MinimumVisualStudioVersion = 10.0.40219.1
Project("{FAE04EC0-301F-11D3-BF4B-00C04F79EFBC}") = "PipedOutputPollutedElectrolyzerPatch", "PipedOutputPollutedElectrolyzerPatch.csproj", "{56D0FBB7-267A-4105-994B-F5056968CCEC}"
EndProject
Global
	GlobalSection(SolutionConfigurationPlatforms) = preSolution
		Debug|Any CPU = Debug|Any CPU
		Release|Any CPU = Release|Any CPU
	EndGlobalSection
	GlobalSection(ProjectConfigurationPlatforms) = postSolution
		{56D0FBB7-267A-4105-994B-F5056968CCEC}.Debug|Any CPU.ActiveCfg = Debug|Any CPU
		{56D0FBB7-267A-4105-994B-F5056968CCEC}.Debug|Any CPU.Build.0 = Debug|Any CPU
		{56D0FBB7-267A-4105-994B-F5056968CCEC}.Release|Any CPU.ActiveCfg = Release|Any CPU
		{56D0FBB7-267A-4105-994B-F5056968CCEC}.Release|Any CPU.Build.0 = Release|Any CPU
	EndGlobalSection
	GlobalSection(SolutionProperties) = preSolution
		HideSolutionNode = FALSE
	EndGlobalSection
	GlobalSection(ExtensibilityGlobals) = postSolution
		SolutionGuid = {E746A732-D6C6-448A-8ED5-6C99961F0908}
	EndGlobalSection
EndGlobal
